
Microsoft Visual Studio Solution File, Format Version 12.00
# Visual Studio 2013
VisualStudioVersion = 12.0.31101.0
MinimumVisualStudioVersion = 10.0.40219.1
Project("{FAE04EC0-301F-11D3-BF4B-00C04F79EFBC}") = "PortableCrmSdk", "PortableCrmSdk\PortableCrmSdk.csproj", "{75D3E0E0-48E6-484F-BE3E-2D16A6A8C6E4}"
EndProject
Project("{FAE04EC0-301F-11D3-BF4B-00C04F79EFBC}") = "PortableCrmSdk.Tests", "PortableCrmSdk.Tests\PortableCrmSdk.Tests.csproj", "{952D29E3-3EE8-4869-BB51-39EFBA53E548}"
EndProject
Project("{FAE04EC0-301F-11D3-BF4B-00C04F79EFBC}") = "PortableCrmSdk.Windows", "PortableCrmSdk.Windows\PortableCrmSdk.Windows.csproj", "{295062BE-AF77-4292-9E54-F9902F2DE2D2}"
EndProject
Project("{2150E333-8FDC-42A3-9474-1A3956D46DE8}") = "Tests", "Tests", "{716A9AE2-822A-4E5B-AB4A-33DBA4873591}"
EndProject
Project("{FAE04EC0-301F-11D3-BF4B-00C04F79EFBC}") = "PortableCrmSdk.Android", "PortableCrmSdk.Android\PortableCrmSdk.Android.csproj", "{90F2951D-3A0A-46A0-AECB-72966EDC75BF}"
EndProject
Project("{FAE04EC0-301F-11D3-BF4B-00C04F79EFBC}") = "PortableCrmSdk.WindowsPhone", "PortableCrmSdk.WindowsPhone\PortableCrmSdk.WindowsPhone.csproj", "{774D276A-D8B2-4C36-8628-3CE79A94AC3A}"
EndProject
Global
	GlobalSection(SolutionConfigurationPlatforms) = preSolution
		Debug|Any CPU = Debug|Any CPU
		Debug|ARM = Debug|ARM
		Debug|x86 = Debug|x86
		Release|Any CPU = Release|Any CPU
		Release|ARM = Release|ARM
		Release|x86 = Release|x86
	EndGlobalSection
	GlobalSection(ProjectConfigurationPlatforms) = postSolution
		{75D3E0E0-48E6-484F-BE3E-2D16A6A8C6E4}.Debug|Any CPU.ActiveCfg = Debug|Any CPU
		{75D3E0E0-48E6-484F-BE3E-2D16A6A8C6E4}.Debug|Any CPU.Build.0 = Debug|Any CPU
		{75D3E0E0-48E6-484F-BE3E-2D16A6A8C6E4}.Debug|ARM.ActiveCfg = Debug|Any CPU
		{75D3E0E0-48E6-484F-BE3E-2D16A6A8C6E4}.Debug|x86.ActiveCfg = Debug|Any CPU
		{75D3E0E0-48E6-484F-BE3E-2D16A6A8C6E4}.Release|Any CPU.ActiveCfg = Release|Any CPU
		{75D3E0E0-48E6-484F-BE3E-2D16A6A8C6E4}.Release|Any CPU.Build.0 = Release|Any CPU
		{75D3E0E0-48E6-484F-BE3E-2D16A6A8C6E4}.Release|ARM.ActiveCfg = Release|Any CPU
		{75D3E0E0-48E6-484F-BE3E-2D16A6A8C6E4}.Release|x86.ActiveCfg = Release|Any CPU
		{952D29E3-3EE8-4869-BB51-39EFBA53E548}.Debug|Any CPU.ActiveCfg = Debug|Any CPU
		{952D29E3-3EE8-4869-BB51-39EFBA53E548}.Debug|Any CPU.Build.0 = Debug|Any CPU
		{952D29E3-3EE8-4869-BB51-39EFBA53E548}.Debug|ARM.ActiveCfg = Debug|Any CPU
		{952D29E3-3EE8-4869-BB51-39EFBA53E548}.Debug|x86.ActiveCfg = Debug|Any CPU
		{952D29E3-3EE8-4869-BB51-39EFBA53E548}.Release|Any CPU.ActiveCfg = Release|Any CPU
		{952D29E3-3EE8-4869-BB51-39EFBA53E548}.Release|Any CPU.Build.0 = Release|Any CPU
		{952D29E3-3EE8-4869-BB51-39EFBA53E548}.Release|ARM.ActiveCfg = Release|Any CPU
		{952D29E3-3EE8-4869-BB51-39EFBA53E548}.Release|x86.ActiveCfg = Release|Any CPU
		{295062BE-AF77-4292-9E54-F9902F2DE2D2}.Debug|Any CPU.ActiveCfg = Debug|Any CPU
		{295062BE-AF77-4292-9E54-F9902F2DE2D2}.Debug|Any CPU.Build.0 = Debug|Any CPU
		{295062BE-AF77-4292-9E54-F9902F2DE2D2}.Debug|ARM.ActiveCfg = Debug|Any CPU
		{295062BE-AF77-4292-9E54-F9902F2DE2D2}.Debug|x86.ActiveCfg = Debug|Any CPU
		{295062BE-AF77-4292-9E54-F9902F2DE2D2}.Release|Any CPU.ActiveCfg = Release|Any CPU
		{295062BE-AF77-4292-9E54-F9902F2DE2D2}.Release|Any CPU.Build.0 = Release|Any CPU
		{295062BE-AF77-4292-9E54-F9902F2DE2D2}.Release|ARM.ActiveCfg = Release|Any CPU
		{295062BE-AF77-4292-9E54-F9902F2DE2D2}.Release|x86.ActiveCfg = Release|Any CPU
		{90F2951D-3A0A-46A0-AECB-72966EDC75BF}.Debug|Any CPU.ActiveCfg = Debug|Any CPU
		{90F2951D-3A0A-46A0-AECB-72966EDC75BF}.Debug|Any CPU.Build.0 = Debug|Any CPU
		{90F2951D-3A0A-46A0-AECB-72966EDC75BF}.Debug|ARM.ActiveCfg = Debug|Any CPU
		{90F2951D-3A0A-46A0-AECB-72966EDC75BF}.Debug|x86.ActiveCfg = Debug|Any CPU
		{90F2951D-3A0A-46A0-AECB-72966EDC75BF}.Release|Any CPU.ActiveCfg = Release|Any CPU
		{90F2951D-3A0A-46A0-AECB-72966EDC75BF}.Release|Any CPU.Build.0 = Release|Any CPU
		{90F2951D-3A0A-46A0-AECB-72966EDC75BF}.Release|ARM.ActiveCfg = Release|Any CPU
		{90F2951D-3A0A-46A0-AECB-72966EDC75BF}.Release|x86.ActiveCfg = Release|Any CPU
		{774D276A-D8B2-4C36-8628-3CE79A94AC3A}.Debug|Any CPU.ActiveCfg = Debug|Any CPU
		{774D276A-D8B2-4C36-8628-3CE79A94AC3A}.Debug|Any CPU.Build.0 = Debug|Any CPU
		{774D276A-D8B2-4C36-8628-3CE79A94AC3A}.Debug|ARM.ActiveCfg = Debug|ARM
		{774D276A-D8B2-4C36-8628-3CE79A94AC3A}.Debug|ARM.Build.0 = Debug|ARM
		{774D276A-D8B2-4C36-8628-3CE79A94AC3A}.Debug|x86.ActiveCfg = Debug|x86
		{774D276A-D8B2-4C36-8628-3CE79A94AC3A}.Debug|x86.Build.0 = Debug|x86
		{774D276A-D8B2-4C36-8628-3CE79A94AC3A}.Release|Any CPU.ActiveCfg = Release|Any CPU
		{774D276A-D8B2-4C36-8628-3CE79A94AC3A}.Release|Any CPU.Build.0 = Release|Any CPU
		{774D276A-D8B2-4C36-8628-3CE79A94AC3A}.Release|ARM.ActiveCfg = Release|ARM
		{774D276A-D8B2-4C36-8628-3CE79A94AC3A}.Release|ARM.Build.0 = Release|ARM
		{774D276A-D8B2-4C36-8628-3CE79A94AC3A}.Release|x86.ActiveCfg = Release|x86
		{774D276A-D8B2-4C36-8628-3CE79A94AC3A}.Release|x86.Build.0 = Release|x86
	EndGlobalSection
	GlobalSection(SolutionProperties) = preSolution
		HideSolutionNode = FALSE
	EndGlobalSection
	GlobalSection(NestedProjects) = preSolution
		{952D29E3-3EE8-4869-BB51-39EFBA53E548} = {716A9AE2-822A-4E5B-AB4A-33DBA4873591}
	EndGlobalSection
EndGlobal
